
Microsoft Visual Studio Solution File, Format Version 12.00
# Visual Studio Version 17
VisualStudioVersion = 17.0.31903.59
MinimumVisualStudioVersion = 10.0.40219.1
Project("{2150E333-8FDC-42A3-9474-1A3956D46DE8}") = "apps", "apps", "{1787FE1D-075E-9E68-7218-25F1BD1BBEAB}"
EndProject
Project("{2150E333-8FDC-42A3-9474-1A3956D46DE8}") = "task-cli", "task-cli", "{63831DEF-73A5-D4E6-08B8-E1F034D16667}"
EndProject
Project("{FAE04EC0-301F-11D3-BF4B-00C04F79EFBC}") = "TaskTracker", "apps\task-cli\TaskTracker.csproj", "{7774C46E-2250-4093-B870-7CE070F8CEED}"
EndProject
Project("{2150E333-8FDC-42A3-9474-1A3956D46DE8}") = "personal-blog", "personal-blog", "{83916E7D-40EA-7333-FAC8-B762E67BF41D}"
EndProject
Project("{2150E333-8FDC-42A3-9474-1A3956D46DE8}") = "api", "api", "{A65BA46D-492C-F828-4504-497596BB5B22}"
EndProject
Project("{FAE04EC0-301F-11D3-BF4B-00C04F79EFBC}") = "PersonalBlog.Api", "apps\personal-blog\api\PersonalBlog.Api\PersonalBlog.Api.csproj", "{5EE462A7-DF32-4396-979B-4DB2A668E1F6}"
EndProject
Project("{FAE04EC0-301F-11D3-BF4B-00C04F79EFBC}") = "PersonalBlog.Core", "apps\personal-blog\api\PersonalBlog.Core\PersonalBlog.Core.csproj", "{ADBE3995-6AF8-4CE4-8886-199771DBD683}"
EndProject
Project("{FAE04EC0-301F-11D3-BF4B-00C04F79EFBC}") = "PersonalBlog.Infrastructure", "apps\personal-blog\api\PersonalBlog.Infrastructure\PersonalBlog.Infrastructure.csproj", "{99B607CB-EEC3-481A-9ABA-E3584801AC61}"
EndProject
Global
	GlobalSection(SolutionConfigurationPlatforms) = preSolution
		Debug|Any CPU = Debug|Any CPU
		Debug|x64 = Debug|x64
		Debug|x86 = Debug|x86
		Release|Any CPU = Release|Any CPU
		Release|x64 = Release|x64
		Release|x86 = Release|x86
	EndGlobalSection
	GlobalSection(ProjectConfigurationPlatforms) = postSolution
		{7774C46E-2250-4093-B870-7CE070F8CEED}.Debug|Any CPU.ActiveCfg = Debug|Any CPU
		{7774C46E-2250-4093-B870-7CE070F8CEED}.Debug|Any CPU.Build.0 = Debug|Any CPU
		{7774C46E-2250-4093-B870-7CE070F8CEED}.Debug|x64.ActiveCfg = Debug|Any CPU
		{7774C46E-2250-4093-B870-7CE070F8CEED}.Debug|x64.Build.0 = Debug|Any CPU
		{7774C46E-2250-4093-B870-7CE070F8CEED}.Debug|x86.ActiveCfg = Debug|Any CPU
		{7774C46E-2250-4093-B870-7CE070F8CEED}.Debug|x86.Build.0 = Debug|Any CPU
		{7774C46E-2250-4093-B870-7CE070F8CEED}.Release|Any CPU.ActiveCfg = Release|Any CPU
		{7774C46E-2250-4093-B870-7CE070F8CEED}.Release|Any CPU.Build.0 = Release|Any CPU
		{7774C46E-2250-4093-B870-7CE070F8CEED}.Release|x64.ActiveCfg = Release|Any CPU
		{7774C46E-2250-4093-B870-7CE070F8CEED}.Release|x64.Build.0 = Release|Any CPU
		{7774C46E-2250-4093-B870-7CE070F8CEED}.Release|x86.ActiveCfg = Release|Any CPU
		{7774C46E-2250-4093-B870-7CE070F8CEED}.Release|x86.Build.0 = Release|Any CPU
		{5EE462A7-DF32-4396-979B-4DB2A668E1F6}.Debug|Any CPU.ActiveCfg = Debug|Any CPU
		{5EE462A7-DF32-4396-979B-4DB2A668E1F6}.Debug|Any CPU.Build.0 = Debug|Any CPU
		{5EE462A7-DF32-4396-979B-4DB2A668E1F6}.Debug|x64.ActiveCfg = Debug|Any CPU
		{5EE462A7-DF32-4396-979B-4DB2A668E1F6}.Debug|x64.Build.0 = Debug|Any CPU
		{5EE462A7-DF32-4396-979B-4DB2A668E1F6}.Debug|x86.ActiveCfg = Debug|Any CPU
		{5EE462A7-DF32-4396-979B-4DB2A668E1F6}.Debug|x86.Build.0 = Debug|Any CPU
		{5EE462A7-DF32-4396-979B-4DB2A668E1F6}.Release|Any CPU.ActiveCfg = Release|Any CPU
		{5EE462A7-DF32-4396-979B-4DB2A668E1F6}.Release|Any CPU.Build.0 = Release|Any CPU
		{5EE462A7-DF32-4396-979B-4DB2A668E1F6}.Release|x64.ActiveCfg = Release|Any CPU
		{5EE462A7-DF32-4396-979B-4DB2A668E1F6}.Release|x64.Build.0 = Release|Any CPU
		{5EE462A7-DF32-4396-979B-4DB2A668E1F6}.Release|x86.ActiveCfg = Release|Any CPU
		{5EE462A7-DF32-4396-979B-4DB2A668E1F6}.Release|x86.Build.0 = Release|Any CPU
		{ADBE3995-6AF8-4CE4-8886-199771DBD683}.Debug|Any CPU.ActiveCfg = Debug|Any CPU
		{ADBE3995-6AF8-4CE4-8886-199771DBD683}.Debug|Any CPU.Build.0 = Debug|Any CPU
		{ADBE3995-6AF8-4CE4-8886-199771DBD683}.Debug|x64.ActiveCfg = Debug|Any CPU
		{ADBE3995-6AF8-4CE4-8886-199771DBD683}.Debug|x64.Build.0 = Debug|Any CPU
		{ADBE3995-6AF8-4CE4-8886-199771DBD683}.Debug|x86.ActiveCfg = Debug|Any CPU
		{ADBE3995-6AF8-4CE4-8886-199771DBD683}.Debug|x86.Build.0 = Debug|Any CPU
		{ADBE3995-6AF8-4CE4-8886-199771DBD683}.Release|Any CPU.ActiveCfg = Release|Any CPU
		{ADBE3995-6AF8-4CE4-8886-199771DBD683}.Release|Any CPU.Build.0 = Release|Any CPU
		{ADBE3995-6AF8-4CE4-8886-199771DBD683}.Release|x64.ActiveCfg = Release|Any CPU
		{ADBE3995-6AF8-4CE4-8886-199771DBD683}.Release|x64.Build.0 = Release|Any CPU
		{ADBE3995-6AF8-4CE4-8886-199771DBD683}.Release|x86.ActiveCfg = Release|Any CPU
		{ADBE3995-6AF8-4CE4-8886-199771DBD683}.Release|x86.Build.0 = Release|Any CPU
		{99B607CB-EEC3-481A-9ABA-E3584801AC61}.Debug|Any CPU.ActiveCfg = Debug|Any CPU
		{99B607CB-EEC3-481A-9ABA-E3584801AC61}.Debug|Any CPU.Build.0 = Debug|Any CPU
		{99B607CB-EEC3-481A-9ABA-E3584801AC61}.Debug|x64.ActiveCfg = Debug|Any CPU
		{99B607CB-EEC3-481A-9ABA-E3584801AC61}.Debug|x64.Build.0 = Debug|Any CPU
		{99B607CB-EEC3-481A-9ABA-E3584801AC61}.Debug|x86.ActiveCfg = Debug|Any CPU
		{99B607CB-EEC3-481A-9ABA-E3584801AC61}.Debug|x86.Build.0 = Debug|Any CPU
		{99B607CB-EEC3-481A-9ABA-E3584801AC61}.Release|Any CPU.ActiveCfg = Release|Any CPU
		{99B607CB-EEC3-481A-9ABA-E3584801AC61}.Release|Any CPU.Build.0 = Release|Any CPU
		{99B607CB-EEC3-481A-9ABA-E3584801AC61}.Release|x64.ActiveCfg = Release|Any CPU
		{99B607CB-EEC3-481A-9ABA-E3584801AC61}.Release|x64.Build.0 = Release|Any CPU
		{99B607CB-EEC3-481A-9ABA-E3584801AC61}.Release|x86.ActiveCfg = Release|Any CPU
		{99B607CB-EEC3-481A-9ABA-E3584801AC61}.Release|x86.Build.0 = Release|Any CPU
	EndGlobalSection
	GlobalSection(SolutionProperties) = preSolution
		HideSolutionNode = FALSE
	EndGlobalSection
	GlobalSection(NestedProjects) = preSolution
		{63831DEF-73A5-D4E6-08B8-E1F034D16667} = {1787FE1D-075E-9E68-7218-25F1BD1BBEAB}
		{7774C46E-2250-4093-B870-7CE070F8CEED} = {63831DEF-73A5-D4E6-08B8-E1F034D16667}
		{83916E7D-40EA-7333-FAC8-B762E67BF41D} = {1787FE1D-075E-9E68-7218-25F1BD1BBEAB}
		{A65BA46D-492C-F828-4504-497596BB5B22} = {83916E7D-40EA-7333-FAC8-B762E67BF41D}
		{5EE462A7-DF32-4396-979B-4DB2A668E1F6} = {A65BA46D-492C-F828-4504-497596BB5B22}
		{ADBE3995-6AF8-4CE4-8886-199771DBD683} = {A65BA46D-492C-F828-4504-497596BB5B22}
		{99B607CB-EEC3-481A-9ABA-E3584801AC61} = {A65BA46D-492C-F828-4504-497596BB5B22}
	EndGlobalSection
EndGlobal
