
Microsoft Visual Studio Solution File, Format Version 12.00
# Visual Studio Version 17
VisualStudioVersion = 17.0.31903.59
MinimumVisualStudioVersion = 10.0.40219.1
Project("{2150E333-8FDC-42A3-9474-1A3956D46DE8}") = "shared", "shared", "{4F52FD11-658E-A102-6CD3-7D7C16FFA15B}"
EndProject
Project("{FAE04EC0-301F-11D3-BF4B-00C04F79EFBC}") = "Shared.Contracts", "shared\Shared.Contracts\Shared.Contracts.csproj", "{110E3C1B-D0AC-4867-A6FC-A2459A744765}"
EndProject
Project("{FAE04EC0-301F-11D3-BF4B-00C04F79EFBC}") = "Shared.Common", "shared\Shared.Common\Shared.Common.csproj", "{5A33A1DA-3FE5-4E39-BCB7-C242261F61CD}"
EndProject
Project("{FAE04EC0-301F-11D3-BF4B-00C04F79EFBC}") = "Shared.Infrastructure", "shared\Shared.Infrastructure\Shared.Infrastructure.csproj", "{F466EEAD-522A-4EBB-BFDC-BCA8C557E181}"
EndProject
Project("{2150E333-8FDC-42A3-9474-1A3956D46DE8}") = "services", "services", "{5854FF58-B8C5-05C6-5BF2-ACE42193F22B}"
EndProject
Project("{2150E333-8FDC-42A3-9474-1A3956D46DE8}") = "UserService", "UserService", "{BB9B0570-D764-F740-A1C1-3444BA1D5022}"
EndProject
Project("{FAE04EC0-301F-11D3-BF4B-00C04F79EFBC}") = "UserService.Domain", "services\UserService\UserService.Domain\UserService.Domain.csproj", "{AC8D649E-A385-4F44-80D4-E7A5FDAE32DE}"
EndProject
Project("{FAE04EC0-301F-11D3-BF4B-00C04F79EFBC}") = "UserService.Application", "services\UserService\UserService.Application\UserService.Application.csproj", "{4EA0B2B0-10EB-4633-9421-C75BEC9CFF9D}"
EndProject
Project("{FAE04EC0-301F-11D3-BF4B-00C04F79EFBC}") = "UserService.Infrastructure", "services\UserService\UserService.Infrastructure\UserService.Infrastructure.csproj", "{75FE522A-8898-473A-8014-64E8A8E0B3DF}"
EndProject
Project("{FAE04EC0-301F-11D3-BF4B-00C04F79EFBC}") = "UserService.API", "services\UserService\UserService.API\UserService.API.csproj", "{C170B4F1-E380-4CF4-9E81-4291ABEA1940}"
EndProject
Project("{2150E333-8FDC-42A3-9474-1A3956D46DE8}") = "ProductCatalogService", "ProductCatalogService", "{4EB8AB63-7818-3B30-5478-82A5209723CA}"
EndProject
Project("{FAE04EC0-301F-11D3-BF4B-00C04F79EFBC}") = "ProductCatalogService.Domain", "services\ProductCatalogService\ProductCatalogService.Domain\ProductCatalogService.Domain.csproj", "{A2B13473-E41C-4B88-86DD-403B9DA3A11E}"
EndProject
Project("{FAE04EC0-301F-11D3-BF4B-00C04F79EFBC}") = "ProductCatalogService.Application", "services\ProductCatalogService\ProductCatalogService.Application\ProductCatalogService.Application.csproj", "{7D676079-AA67-448D-8726-2D73D8AE7B02}"
EndProject
Project("{FAE04EC0-301F-11D3-BF4B-00C04F79EFBC}") = "ProductCatalogService.Infrastructure", "services\ProductCatalogService\ProductCatalogService.Infrastructure\ProductCatalogService.Infrastructure.csproj", "{90003D7B-CBF8-4132-B875-4B0048EA6466}"
EndProject
Project("{FAE04EC0-301F-11D3-BF4B-00C04F79EFBC}") = "ProductCatalogService.API", "services\ProductCatalogService\ProductCatalogService.API\ProductCatalogService.API.csproj", "{032293C9-2230-4EC7-A7EF-C2481A1E8A96}"
EndProject
Project("{2150E333-8FDC-42A3-9474-1A3956D46DE8}") = "ShoppingCartService", "ShoppingCartService", "{1D05A630-FA8E-4185-4BED-FE383CDC6ED6}"
EndProject
Project("{FAE04EC0-301F-11D3-BF4B-00C04F79EFBC}") = "ShoppingCartService.Domain", "services\ShoppingCartService\ShoppingCartService.Domain\ShoppingCartService.Domain.csproj", "{B059FC9A-AC49-4263-B989-15FE121FE4D5}"
EndProject
Project("{FAE04EC0-301F-11D3-BF4B-00C04F79EFBC}") = "ShoppingCartService.Application", "services\ShoppingCartService\ShoppingCartService.Application\ShoppingCartService.Application.csproj", "{08683444-F383-4DF5-A762-9E26ACBFA41C}"
EndProject
Project("{FAE04EC0-301F-11D3-BF4B-00C04F79EFBC}") = "ShoppingCartService.Infrastructure", "services\ShoppingCartService\ShoppingCartService.Infrastructure\ShoppingCartService.Infrastructure.csproj", "{945D09E7-D3CF-4342-B127-B40C21883B62}"
EndProject
Project("{FAE04EC0-301F-11D3-BF4B-00C04F79EFBC}") = "ShoppingCartService.API", "services\ShoppingCartService\ShoppingCartService.API\ShoppingCartService.API.csproj", "{FB874D21-B7B7-4FD8-947A-BF315A961DB2}"
EndProject
Project("{2150E333-8FDC-42A3-9474-1A3956D46DE8}") = "OrderService", "OrderService", "{05772A79-6677-48D6-4812-5BDCDF485F71}"
EndProject
Project("{FAE04EC0-301F-11D3-BF4B-00C04F79EFBC}") = "OrderService.Domain", "services\OrderService\OrderService.Domain\OrderService.Domain.csproj", "{874466AE-FFF4-45C3-8F23-ED6F918A667D}"
EndProject
Project("{FAE04EC0-301F-11D3-BF4B-00C04F79EFBC}") = "OrderService.Application", "services\OrderService\OrderService.Application\OrderService.Application.csproj", "{659E8EF0-ECBE-4495-9381-6A3B95B61306}"
EndProject
Project("{FAE04EC0-301F-11D3-BF4B-00C04F79EFBC}") = "OrderService.Infrastructure", "services\OrderService\OrderService.Infrastructure\OrderService.Infrastructure.csproj", "{03585CDC-FD22-45B6-9451-3BBCCCED93EA}"
EndProject
Project("{FAE04EC0-301F-11D3-BF4B-00C04F79EFBC}") = "OrderService.API", "services\OrderService\OrderService.API\OrderService.API.csproj", "{01E99D7A-F71C-4032-A769-B9AC04072267}"
EndProject
Project("{2150E333-8FDC-42A3-9474-1A3956D46DE8}") = "PaymentService", "PaymentService", "{C37F6A99-4F64-C411-A3CA-5C94B414AB7E}"
EndProject
Project("{FAE04EC0-301F-11D3-BF4B-00C04F79EFBC}") = "PaymentService.Domain", "services\PaymentService\PaymentService.Domain\PaymentService.Domain.csproj", "{E690FCEE-4C18-4BBB-963B-09C6D6A9D73A}"
EndProject
Project("{FAE04EC0-301F-11D3-BF4B-00C04F79EFBC}") = "PaymentService.Application", "services\PaymentService\PaymentService.Application\PaymentService.Application.csproj", "{0F8D0C38-2CBF-4D02-9426-EEA3AA70D50B}"
EndProject
Project("{FAE04EC0-301F-11D3-BF4B-00C04F79EFBC}") = "PaymentService.Infrastructure", "services\PaymentService\PaymentService.Infrastructure\PaymentService.Infrastructure.csproj", "{825C1258-3FF7-4F35-BEFB-0706BF3CDCF8}"
EndProject
Project("{FAE04EC0-301F-11D3-BF4B-00C04F79EFBC}") = "PaymentService.API", "services\PaymentService\PaymentService.API\PaymentService.API.csproj", "{3F0F1277-3DD1-4E1C-94CD-CB759363284C}"
EndProject
Project("{2150E333-8FDC-42A3-9474-1A3956D46DE8}") = "NotificationService", "NotificationService", "{74E836B4-46B0-66C7-E002-0B58C90F8616}"
EndProject
Project("{FAE04EC0-301F-11D3-BF4B-00C04F79EFBC}") = "NotificationService.Domain", "services\NotificationService\NotificationService.Domain\NotificationService.Domain.csproj", "{B3BD0A28-48D9-4F08-9C8E-45EA785359F4}"
EndProject
Project("{FAE04EC0-301F-11D3-BF4B-00C04F79EFBC}") = "NotificationService.Application", "services\NotificationService\NotificationService.Application\NotificationService.Application.csproj", "{555F666B-335D-46A4-8AD2-1DA9F97993D5}"
EndProject
Project("{FAE04EC0-301F-11D3-BF4B-00C04F79EFBC}") = "NotificationService.Infrastructure", "services\NotificationService\NotificationService.Infrastructure\NotificationService.Infrastructure.csproj", "{C4AA0D4A-01B7-4854-9F16-7231671091D7}"
EndProject
Project("{FAE04EC0-301F-11D3-BF4B-00C04F79EFBC}") = "NotificationService.API", "services\NotificationService\NotificationService.API\NotificationService.API.csproj", "{E9A2E9B0-5887-4144-99CA-DAD9D3A06345}"
EndProject
Project("{2150E333-8FDC-42A3-9474-1A3956D46DE8}") = "gateway", "gateway", "{E7BDDBC6-9FD1-D1D7-ACD8-2C4F8E3D2461}"
EndProject
Project("{FAE04EC0-301F-11D3-BF4B-00C04F79EFBC}") = "ApiGateway", "gateway\ApiGateway\ApiGateway.csproj", "{DD04DE2D-8375-43CD-9106-EFA49F637E46}"
EndProject
Project("{FAE04EC0-301F-11D3-BF4B-00C04F79EFBC}") = "Shared.Domain", "shared\Shared.Domain\Shared.Domain.csproj", "{EADE0206-CC47-4AFE-8767-49742879EB41}"
EndProject
Project("{FAE04EC0-301F-11D3-BF4B-00C04F79EFBC}") = "OrderService.UnitTests", "services\OrderService\OrderService.UnitTests\OrderService.UnitTests.csproj", "{AD487483-F58C-4D0F-8652-0A925442458D}"
EndProject
Project("{FAE04EC0-301F-11D3-BF4B-00C04F79EFBC}") = "ShoppingCartService.UnitTests", "services\ShoppingCartService\ShoppingCartService.UnitTests\ShoppingCartService.UnitTests.csproj", "{FEF56294-8DC3-4FC1-9340-C4CFDB17CF36}"
EndProject
Project("{2150E333-8FDC-42A3-9474-1A3956D46DE8}") = "tests", "tests", "{0AB3BF05-4346-4AA6-1389-037BE0695223}"
EndProject
Project("{FAE04EC0-301F-11D3-BF4B-00C04F79EFBC}") = "ECommerce.IntegrationTests", "tests\ECommerce.IntegrationTests\ECommerce.IntegrationTests.csproj", "{AE10BFA4-5C7F-43A2-951A-95B637B538E3}"
EndProject
Project("{FAE04EC0-301F-11D3-BF4B-00C04F79EFBC}") = "ECommerce.E2E.Tests", "tests\ECommerce.E2E.Tests\ECommerce.E2E.Tests.csproj", "{78B5D546-DCF5-4A0E-BEE6-DBC371C71A4D}"
EndProject
Project("{FAE04EC0-301F-11D3-BF4B-00C04F79EFBC}") = "PaymentService.UnitTests", "services\PaymentService\PaymentService.UnitTests\PaymentService.UnitTests.csproj", "{A5C232A1-8D11-44E0-AF7E-0FA1B2592611}"
EndProject
Project("{FAE04EC0-301F-11D3-BF4B-00C04F79EFBC}") = "ProductCatalogService.UnitTests", "services\ProductCatalogService\ProductCatalogService.UnitTests\ProductCatalogService.UnitTests.csproj", "{770D45B2-4796-4A42-9DE2-F81DF7CD8A58}"
EndProject
Project("{FAE04EC0-301F-11D3-BF4B-00C04F79EFBC}") = "NotificationService.UnitTests", "services\NotificationService\NotificationService.UnitTests\NotificationService.UnitTests.csproj", "{F7577522-DA63-4C4C-99DF-04BCEC8F63F0}"
EndProject
Project("{FAE04EC0-301F-11D3-BF4B-00C04F79EFBC}") = "UserService.UnitTests", "services\UserService\UserService.UnitTests\UserService.UnitTests.csproj", "{6B602C97-54AF-4D76-ACFF-A45910769877}"
EndProject
Global
	GlobalSection(SolutionConfigurationPlatforms) = preSolution
		Debug|Any CPU = Debug|Any CPU
		Debug|x64 = Debug|x64
		Debug|x86 = Debug|x86
		Release|Any CPU = Release|Any CPU
		Release|x64 = Release|x64
		Release|x86 = Release|x86
	EndGlobalSection
	GlobalSection(ProjectConfigurationPlatforms) = postSolution
		{110E3C1B-D0AC-4867-A6FC-A2459A744765}.Debug|Any CPU.ActiveCfg = Debug|Any CPU
		{110E3C1B-D0AC-4867-A6FC-A2459A744765}.Debug|Any CPU.Build.0 = Debug|Any CPU
		{110E3C1B-D0AC-4867-A6FC-A2459A744765}.Debug|x64.ActiveCfg = Debug|Any CPU
		{110E3C1B-D0AC-4867-A6FC-A2459A744765}.Debug|x64.Build.0 = Debug|Any CPU
		{110E3C1B-D0AC-4867-A6FC-A2459A744765}.Debug|x86.ActiveCfg = Debug|Any CPU
		{110E3C1B-D0AC-4867-A6FC-A2459A744765}.Debug|x86.Build.0 = Debug|Any CPU
		{110E3C1B-D0AC-4867-A6FC-A2459A744765}.Release|Any CPU.ActiveCfg = Release|Any CPU
		{110E3C1B-D0AC-4867-A6FC-A2459A744765}.Release|Any CPU.Build.0 = Release|Any CPU
		{110E3C1B-D0AC-4867-A6FC-A2459A744765}.Release|x64.ActiveCfg = Release|Any CPU
		{110E3C1B-D0AC-4867-A6FC-A2459A744765}.Release|x64.Build.0 = Release|Any CPU
		{110E3C1B-D0AC-4867-A6FC-A2459A744765}.Release|x86.ActiveCfg = Release|Any CPU
		{110E3C1B-D0AC-4867-A6FC-A2459A744765}.Release|x86.Build.0 = Release|Any CPU
		{5A33A1DA-3FE5-4E39-BCB7-C242261F61CD}.Debug|Any CPU.ActiveCfg = Debug|Any CPU
		{5A33A1DA-3FE5-4E39-BCB7-C242261F61CD}.Debug|Any CPU.Build.0 = Debug|Any CPU
		{5A33A1DA-3FE5-4E39-BCB7-C242261F61CD}.Debug|x64.ActiveCfg = Debug|Any CPU
		{5A33A1DA-3FE5-4E39-BCB7-C242261F61CD}.Debug|x64.Build.0 = Debug|Any CPU
		{5A33A1DA-3FE5-4E39-BCB7-C242261F61CD}.Debug|x86.ActiveCfg = Debug|Any CPU
		{5A33A1DA-3FE5-4E39-BCB7-C242261F61CD}.Debug|x86.Build.0 = Debug|Any CPU
		{5A33A1DA-3FE5-4E39-BCB7-C242261F61CD}.Release|Any CPU.ActiveCfg = Release|Any CPU
		{5A33A1DA-3FE5-4E39-BCB7-C242261F61CD}.Release|Any CPU.Build.0 = Release|Any CPU
		{5A33A1DA-3FE5-4E39-BCB7-C242261F61CD}.Release|x64.ActiveCfg = Release|Any CPU
		{5A33A1DA-3FE5-4E39-BCB7-C242261F61CD}.Release|x64.Build.0 = Release|Any CPU
		{5A33A1DA-3FE5-4E39-BCB7-C242261F61CD}.Release|x86.ActiveCfg = Release|Any CPU
		{5A33A1DA-3FE5-4E39-BCB7-C242261F61CD}.Release|x86.Build.0 = Release|Any CPU
		{F466EEAD-522A-4EBB-BFDC-BCA8C557E181}.Debug|Any CPU.ActiveCfg = Debug|Any CPU
		{F466EEAD-522A-4EBB-BFDC-BCA8C557E181}.Debug|Any CPU.Build.0 = Debug|Any CPU
		{F466EEAD-522A-4EBB-BFDC-BCA8C557E181}.Debug|x64.ActiveCfg = Debug|Any CPU
		{F466EEAD-522A-4EBB-BFDC-BCA8C557E181}.Debug|x64.Build.0 = Debug|Any CPU
		{F466EEAD-522A-4EBB-BFDC-BCA8C557E181}.Debug|x86.ActiveCfg = Debug|Any CPU
		{F466EEAD-522A-4EBB-BFDC-BCA8C557E181}.Debug|x86.Build.0 = Debug|Any CPU
		{F466EEAD-522A-4EBB-BFDC-BCA8C557E181}.Release|Any CPU.ActiveCfg = Release|Any CPU
		{F466EEAD-522A-4EBB-BFDC-BCA8C557E181}.Release|Any CPU.Build.0 = Release|Any CPU
		{F466EEAD-522A-4EBB-BFDC-BCA8C557E181}.Release|x64.ActiveCfg = Release|Any CPU
		{F466EEAD-522A-4EBB-BFDC-BCA8C557E181}.Release|x64.Build.0 = Release|Any CPU
		{F466EEAD-522A-4EBB-BFDC-BCA8C557E181}.Release|x86.ActiveCfg = Release|Any CPU
		{F466EEAD-522A-4EBB-BFDC-BCA8C557E181}.Release|x86.Build.0 = Release|Any CPU
		{AC8D649E-A385-4F44-80D4-E7A5FDAE32DE}.Debug|Any CPU.ActiveCfg = Debug|Any CPU
		{AC8D649E-A385-4F44-80D4-E7A5FDAE32DE}.Debug|Any CPU.Build.0 = Debug|Any CPU
		{AC8D649E-A385-4F44-80D4-E7A5FDAE32DE}.Debug|x64.ActiveCfg = Debug|Any CPU
		{AC8D649E-A385-4F44-80D4-E7A5FDAE32DE}.Debug|x64.Build.0 = Debug|Any CPU
		{AC8D649E-A385-4F44-80D4-E7A5FDAE32DE}.Debug|x86.ActiveCfg = Debug|Any CPU
		{AC8D649E-A385-4F44-80D4-E7A5FDAE32DE}.Debug|x86.Build.0 = Debug|Any CPU
		{AC8D649E-A385-4F44-80D4-E7A5FDAE32DE}.Release|Any CPU.ActiveCfg = Release|Any CPU
		{AC8D649E-A385-4F44-80D4-E7A5FDAE32DE}.Release|Any CPU.Build.0 = Release|Any CPU
		{AC8D649E-A385-4F44-80D4-E7A5FDAE32DE}.Release|x64.ActiveCfg = Release|Any CPU
		{AC8D649E-A385-4F44-80D4-E7A5FDAE32DE}.Release|x64.Build.0 = Release|Any CPU
		{AC8D649E-A385-4F44-80D4-E7A5FDAE32DE}.Release|x86.ActiveCfg = Release|Any CPU
		{AC8D649E-A385-4F44-80D4-E7A5FDAE32DE}.Release|x86.Build.0 = Release|Any CPU
		{4EA0B2B0-10EB-4633-9421-C75BEC9CFF9D}.Debug|Any CPU.ActiveCfg = Debug|Any CPU
		{4EA0B2B0-10EB-4633-9421-C75BEC9CFF9D}.Debug|Any CPU.Build.0 = Debug|Any CPU
		{4EA0B2B0-10EB-4633-9421-C75BEC9CFF9D}.Debug|x64.ActiveCfg = Debug|Any CPU
		{4EA0B2B0-10EB-4633-9421-C75BEC9CFF9D}.Debug|x64.Build.0 = Debug|Any CPU
		{4EA0B2B0-10EB-4633-9421-C75BEC9CFF9D}.Debug|x86.ActiveCfg = Debug|Any CPU
		{4EA0B2B0-10EB-4633-9421-C75BEC9CFF9D}.Debug|x86.Build.0 = Debug|Any CPU
		{4EA0B2B0-10EB-4633-9421-C75BEC9CFF9D}.Release|Any CPU.ActiveCfg = Release|Any CPU
		{4EA0B2B0-10EB-4633-9421-C75BEC9CFF9D}.Release|Any CPU.Build.0 = Release|Any CPU
		{4EA0B2B0-10EB-4633-9421-C75BEC9CFF9D}.Release|x64.ActiveCfg = Release|Any CPU
		{4EA0B2B0-10EB-4633-9421-C75BEC9CFF9D}.Release|x64.Build.0 = Release|Any CPU
		{4EA0B2B0-10EB-4633-9421-C75BEC9CFF9D}.Release|x86.ActiveCfg = Release|Any CPU
		{4EA0B2B0-10EB-4633-9421-C75BEC9CFF9D}.Release|x86.Build.0 = Release|Any CPU
		{75FE522A-8898-473A-8014-64E8A8E0B3DF}.Debug|Any CPU.ActiveCfg = Debug|Any CPU
		{75FE522A-8898-473A-8014-64E8A8E0B3DF}.Debug|Any CPU.Build.0 = Debug|Any CPU
		{75FE522A-8898-473A-8014-64E8A8E0B3DF}.Debug|x64.ActiveCfg = Debug|Any CPU
		{75FE522A-8898-473A-8014-64E8A8E0B3DF}.Debug|x64.Build.0 = Debug|Any CPU
		{75FE522A-8898-473A-8014-64E8A8E0B3DF}.Debug|x86.ActiveCfg = Debug|Any CPU
		{75FE522A-8898-473A-8014-64E8A8E0B3DF}.Debug|x86.Build.0 = Debug|Any CPU
		{75FE522A-8898-473A-8014-64E8A8E0B3DF}.Release|Any CPU.ActiveCfg = Release|Any CPU
		{75FE522A-8898-473A-8014-64E8A8E0B3DF}.Release|Any CPU.Build.0 = Release|Any CPU
		{75FE522A-8898-473A-8014-64E8A8E0B3DF}.Release|x64.ActiveCfg = Release|Any CPU
		{75FE522A-8898-473A-8014-64E8A8E0B3DF}.Release|x64.Build.0 = Release|Any CPU
		{75FE522A-8898-473A-8014-64E8A8E0B3DF}.Release|x86.ActiveCfg = Release|Any CPU
		{75FE522A-8898-473A-8014-64E8A8E0B3DF}.Release|x86.Build.0 = Release|Any CPU
		{C170B4F1-E380-4CF4-9E81-4291ABEA1940}.Debug|Any CPU.ActiveCfg = Debug|Any CPU
		{C170B4F1-E380-4CF4-9E81-4291ABEA1940}.Debug|Any CPU.Build.0 = Debug|Any CPU
		{C170B4F1-E380-4CF4-9E81-4291ABEA1940}.Debug|x64.ActiveCfg = Debug|Any CPU
		{C170B4F1-E380-4CF4-9E81-4291ABEA1940}.Debug|x64.Build.0 = Debug|Any CPU
		{C170B4F1-E380-4CF4-9E81-4291ABEA1940}.Debug|x86.ActiveCfg = Debug|Any CPU
		{C170B4F1-E380-4CF4-9E81-4291ABEA1940}.Debug|x86.Build.0 = Debug|Any CPU
		{C170B4F1-E380-4CF4-9E81-4291ABEA1940}.Release|Any CPU.ActiveCfg = Release|Any CPU
		{C170B4F1-E380-4CF4-9E81-4291ABEA1940}.Release|Any CPU.Build.0 = Release|Any CPU
		{C170B4F1-E380-4CF4-9E81-4291ABEA1940}.Release|x64.ActiveCfg = Release|Any CPU
		{C170B4F1-E380-4CF4-9E81-4291ABEA1940}.Release|x64.Build.0 = Release|Any CPU
		{C170B4F1-E380-4CF4-9E81-4291ABEA1940}.Release|x86.ActiveCfg = Release|Any CPU
		{C170B4F1-E380-4CF4-9E81-4291ABEA1940}.Release|x86.Build.0 = Release|Any CPU
		{A2B13473-E41C-4B88-86DD-403B9DA3A11E}.Debug|Any CPU.ActiveCfg = Debug|Any CPU
		{A2B13473-E41C-4B88-86DD-403B9DA3A11E}.Debug|Any CPU.Build.0 = Debug|Any CPU
		{A2B13473-E41C-4B88-86DD-403B9DA3A11E}.Debug|x64.ActiveCfg = Debug|Any CPU
		{A2B13473-E41C-4B88-86DD-403B9DA3A11E}.Debug|x64.Build.0 = Debug|Any CPU
		{A2B13473-E41C-4B88-86DD-403B9DA3A11E}.Debug|x86.ActiveCfg = Debug|Any CPU
		{A2B13473-E41C-4B88-86DD-403B9DA3A11E}.Debug|x86.Build.0 = Debug|Any CPU
		{A2B13473-E41C-4B88-86DD-403B9DA3A11E}.Release|Any CPU.ActiveCfg = Release|Any CPU
		{A2B13473-E41C-4B88-86DD-403B9DA3A11E}.Release|Any CPU.Build.0 = Release|Any CPU
		{A2B13473-E41C-4B88-86DD-403B9DA3A11E}.Release|x64.ActiveCfg = Release|Any CPU
		{A2B13473-E41C-4B88-86DD-403B9DA3A11E}.Release|x64.Build.0 = Release|Any CPU
		{A2B13473-E41C-4B88-86DD-403B9DA3A11E}.Release|x86.ActiveCfg = Release|Any CPU
		{A2B13473-E41C-4B88-86DD-403B9DA3A11E}.Release|x86.Build.0 = Release|Any CPU
		{7D676079-AA67-448D-8726-2D73D8AE7B02}.Debug|Any CPU.ActiveCfg = Debug|Any CPU
		{7D676079-AA67-448D-8726-2D73D8AE7B02}.Debug|Any CPU.Build.0 = Debug|Any CPU
		{7D676079-AA67-448D-8726-2D73D8AE7B02}.Debug|x64.ActiveCfg = Debug|Any CPU
		{7D676079-AA67-448D-8726-2D73D8AE7B02}.Debug|x64.Build.0 = Debug|Any CPU
		{7D676079-AA67-448D-8726-2D73D8AE7B02}.Debug|x86.ActiveCfg = Debug|Any CPU
		{7D676079-AA67-448D-8726-2D73D8AE7B02}.Debug|x86.Build.0 = Debug|Any CPU
		{7D676079-AA67-448D-8726-2D73D8AE7B02}.Release|Any CPU.ActiveCfg = Release|Any CPU
		{7D676079-AA67-448D-8726-2D73D8AE7B02}.Release|Any CPU.Build.0 = Release|Any CPU
		{7D676079-AA67-448D-8726-2D73D8AE7B02}.Release|x64.ActiveCfg = Release|Any CPU
		{7D676079-AA67-448D-8726-2D73D8AE7B02}.Release|x64.Build.0 = Release|Any CPU
		{7D676079-AA67-448D-8726-2D73D8AE7B02}.Release|x86.ActiveCfg = Release|Any CPU
		{7D676079-AA67-448D-8726-2D73D8AE7B02}.Release|x86.Build.0 = Release|Any CPU
		{90003D7B-CBF8-4132-B875-4B0048EA6466}.Debug|Any CPU.ActiveCfg = Debug|Any CPU
		{90003D7B-CBF8-4132-B875-4B0048EA6466}.Debug|Any CPU.Build.0 = Debug|Any CPU
		{90003D7B-CBF8-4132-B875-4B0048EA6466}.Debug|x64.ActiveCfg = Debug|Any CPU
		{90003D7B-CBF8-4132-B875-4B0048EA6466}.Debug|x64.Build.0 = Debug|Any CPU
		{90003D7B-CBF8-4132-B875-4B0048EA6466}.Debug|x86.ActiveCfg = Debug|Any CPU
		{90003D7B-CBF8-4132-B875-4B0048EA6466}.Debug|x86.Build.0 = Debug|Any CPU
		{90003D7B-CBF8-4132-B875-4B0048EA6466}.Release|Any CPU.ActiveCfg = Release|Any CPU
		{90003D7B-CBF8-4132-B875-4B0048EA6466}.Release|Any CPU.Build.0 = Release|Any CPU
		{90003D7B-CBF8-4132-B875-4B0048EA6466}.Release|x64.ActiveCfg = Release|Any CPU
		{90003D7B-CBF8-4132-B875-4B0048EA6466}.Release|x64.Build.0 = Release|Any CPU
		{90003D7B-CBF8-4132-B875-4B0048EA6466}.Release|x86.ActiveCfg = Release|Any CPU
		{90003D7B-CBF8-4132-B875-4B0048EA6466}.Release|x86.Build.0 = Release|Any CPU
		{032293C9-2230-4EC7-A7EF-C2481A1E8A96}.Debug|Any CPU.ActiveCfg = Debug|Any CPU
		{032293C9-2230-4EC7-A7EF-C2481A1E8A96}.Debug|Any CPU.Build.0 = Debug|Any CPU
		{032293C9-2230-4EC7-A7EF-C2481A1E8A96}.Debug|x64.ActiveCfg = Debug|Any CPU
		{032293C9-2230-4EC7-A7EF-C2481A1E8A96}.Debug|x64.Build.0 = Debug|Any CPU
		{032293C9-2230-4EC7-A7EF-C2481A1E8A96}.Debug|x86.ActiveCfg = Debug|Any CPU
		{032293C9-2230-4EC7-A7EF-C2481A1E8A96}.Debug|x86.Build.0 = Debug|Any CPU
		{032293C9-2230-4EC7-A7EF-C2481A1E8A96}.Release|Any CPU.ActiveCfg = Release|Any CPU
		{032293C9-2230-4EC7-A7EF-C2481A1E8A96}.Release|Any CPU.Build.0 = Release|Any CPU
		{032293C9-2230-4EC7-A7EF-C2481A1E8A96}.Release|x64.ActiveCfg = Release|Any CPU
		{032293C9-2230-4EC7-A7EF-C2481A1E8A96}.Release|x64.Build.0 = Release|Any CPU
		{032293C9-2230-4EC7-A7EF-C2481A1E8A96}.Release|x86.ActiveCfg = Release|Any CPU
		{032293C9-2230-4EC7-A7EF-C2481A1E8A96}.Release|x86.Build.0 = Release|Any CPU
		{B059FC9A-AC49-4263-B989-15FE121FE4D5}.Debug|Any CPU.ActiveCfg = Debug|Any CPU
		{B059FC9A-AC49-4263-B989-15FE121FE4D5}.Debug|Any CPU.Build.0 = Debug|Any CPU
		{B059FC9A-AC49-4263-B989-15FE121FE4D5}.Debug|x64.ActiveCfg = Debug|Any CPU
		{B059FC9A-AC49-4263-B989-15FE121FE4D5}.Debug|x64.Build.0 = Debug|Any CPU
		{B059FC9A-AC49-4263-B989-15FE121FE4D5}.Debug|x86.ActiveCfg = Debug|Any CPU
		{B059FC9A-AC49-4263-B989-15FE121FE4D5}.Debug|x86.Build.0 = Debug|Any CPU
		{B059FC9A-AC49-4263-B989-15FE121FE4D5}.Release|Any CPU.ActiveCfg = Release|Any CPU
		{B059FC9A-AC49-4263-B989-15FE121FE4D5}.Release|Any CPU.Build.0 = Release|Any CPU
		{B059FC9A-AC49-4263-B989-15FE121FE4D5}.Release|x64.ActiveCfg = Release|Any CPU
		{B059FC9A-AC49-4263-B989-15FE121FE4D5}.Release|x64.Build.0 = Release|Any CPU
		{B059FC9A-AC49-4263-B989-15FE121FE4D5}.Release|x86.ActiveCfg = Release|Any CPU
		{B059FC9A-AC49-4263-B989-15FE121FE4D5}.Release|x86.Build.0 = Release|Any CPU
		{08683444-F383-4DF5-A762-9E26ACBFA41C}.Debug|Any CPU.ActiveCfg = Debug|Any CPU
		{08683444-F383-4DF5-A762-9E26ACBFA41C}.Debug|Any CPU.Build.0 = Debug|Any CPU
		{08683444-F383-4DF5-A762-9E26ACBFA41C}.Debug|x64.ActiveCfg = Debug|Any CPU
		{08683444-F383-4DF5-A762-9E26ACBFA41C}.Debug|x64.Build.0 = Debug|Any CPU
		{08683444-F383-4DF5-A762-9E26ACBFA41C}.Debug|x86.ActiveCfg = Debug|Any CPU
		{08683444-F383-4DF5-A762-9E26ACBFA41C}.Debug|x86.Build.0 = Debug|Any CPU
		{08683444-F383-4DF5-A762-9E26ACBFA41C}.Release|Any CPU.ActiveCfg = Release|Any CPU
		{08683444-F383-4DF5-A762-9E26ACBFA41C}.Release|Any CPU.Build.0 = Release|Any CPU
		{08683444-F383-4DF5-A762-9E26ACBFA41C}.Release|x64.ActiveCfg = Release|Any CPU
		{08683444-F383-4DF5-A762-9E26ACBFA41C}.Release|x64.Build.0 = Release|Any CPU
		{08683444-F383-4DF5-A762-9E26ACBFA41C}.Release|x86.ActiveCfg = Release|Any CPU
		{08683444-F383-4DF5-A762-9E26ACBFA41C}.Release|x86.Build.0 = Release|Any CPU
		{945D09E7-D3CF-4342-B127-B40C21883B62}.Debug|Any CPU.ActiveCfg = Debug|Any CPU
		{945D09E7-D3CF-4342-B127-B40C21883B62}.Debug|Any CPU.Build.0 = Debug|Any CPU
		{945D09E7-D3CF-4342-B127-B40C21883B62}.Debug|x64.ActiveCfg = Debug|Any CPU
		{945D09E7-D3CF-4342-B127-B40C21883B62}.Debug|x64.Build.0 = Debug|Any CPU
		{945D09E7-D3CF-4342-B127-B40C21883B62}.Debug|x86.ActiveCfg = Debug|Any CPU
		{945D09E7-D3CF-4342-B127-B40C21883B62}.Debug|x86.Build.0 = Debug|Any CPU
		{945D09E7-D3CF-4342-B127-B40C21883B62}.Release|Any CPU.ActiveCfg = Release|Any CPU
		{945D09E7-D3CF-4342-B127-B40C21883B62}.Release|Any CPU.Build.0 = Release|Any CPU
		{945D09E7-D3CF-4342-B127-B40C21883B62}.Release|x64.ActiveCfg = Release|Any CPU
		{945D09E7-D3CF-4342-B127-B40C21883B62}.Release|x64.Build.0 = Release|Any CPU
		{945D09E7-D3CF-4342-B127-B40C21883B62}.Release|x86.ActiveCfg = Release|Any CPU
		{945D09E7-D3CF-4342-B127-B40C21883B62}.Release|x86.Build.0 = Release|Any CPU
		{FB874D21-B7B7-4FD8-947A-BF315A961DB2}.Debug|Any CPU.ActiveCfg = Debug|Any CPU
		{FB874D21-B7B7-4FD8-947A-BF315A961DB2}.Debug|Any CPU.Build.0 = Debug|Any CPU
		{FB874D21-B7B7-4FD8-947A-BF315A961DB2}.Debug|x64.ActiveCfg = Debug|Any CPU
		{FB874D21-B7B7-4FD8-947A-BF315A961DB2}.Debug|x64.Build.0 = Debug|Any CPU
		{FB874D21-B7B7-4FD8-947A-BF315A961DB2}.Debug|x86.ActiveCfg = Debug|Any CPU
		{FB874D21-B7B7-4FD8-947A-BF315A961DB2}.Debug|x86.Build.0 = Debug|Any CPU
		{FB874D21-B7B7-4FD8-947A-BF315A961DB2}.Release|Any CPU.ActiveCfg = Release|Any CPU
		{FB874D21-B7B7-4FD8-947A-BF315A961DB2}.Release|Any CPU.Build.0 = Release|Any CPU
		{FB874D21-B7B7-4FD8-947A-BF315A961DB2}.Release|x64.ActiveCfg = Release|Any CPU
		{FB874D21-B7B7-4FD8-947A-BF315A961DB2}.Release|x64.Build.0 = Release|Any CPU
		{FB874D21-B7B7-4FD8-947A-BF315A961DB2}.Release|x86.ActiveCfg = Release|Any CPU
		{FB874D21-B7B7-4FD8-947A-BF315A961DB2}.Release|x86.Build.0 = Release|Any CPU
		{874466AE-FFF4-45C3-8F23-ED6F918A667D}.Debug|Any CPU.ActiveCfg = Debug|Any CPU
		{874466AE-FFF4-45C3-8F23-ED6F918A667D}.Debug|Any CPU.Build.0 = Debug|Any CPU
		{874466AE-FFF4-45C3-8F23-ED6F918A667D}.Debug|x64.ActiveCfg = Debug|Any CPU
		{874466AE-FFF4-45C3-8F23-ED6F918A667D}.Debug|x64.Build.0 = Debug|Any CPU
		{874466AE-FFF4-45C3-8F23-ED6F918A667D}.Debug|x86.ActiveCfg = Debug|Any CPU
		{874466AE-FFF4-45C3-8F23-ED6F918A667D}.Debug|x86.Build.0 = Debug|Any CPU
		{874466AE-FFF4-45C3-8F23-ED6F918A667D}.Release|Any CPU.ActiveCfg = Release|Any CPU
		{874466AE-FFF4-45C3-8F23-ED6F918A667D}.Release|Any CPU.Build.0 = Release|Any CPU
		{874466AE-FFF4-45C3-8F23-ED6F918A667D}.Release|x64.ActiveCfg = Release|Any CPU
		{874466AE-FFF4-45C3-8F23-ED6F918A667D}.Release|x64.Build.0 = Release|Any CPU
		{874466AE-FFF4-45C3-8F23-ED6F918A667D}.Release|x86.ActiveCfg = Release|Any CPU
		{874466AE-FFF4-45C3-8F23-ED6F918A667D}.Release|x86.Build.0 = Release|Any CPU
		{659E8EF0-ECBE-4495-9381-6A3B95B61306}.Debug|Any CPU.ActiveCfg = Debug|Any CPU
		{659E8EF0-ECBE-4495-9381-6A3B95B61306}.Debug|Any CPU.Build.0 = Debug|Any CPU
		{659E8EF0-ECBE-4495-9381-6A3B95B61306}.Debug|x64.ActiveCfg = Debug|Any CPU
		{659E8EF0-ECBE-4495-9381-6A3B95B61306}.Debug|x64.Build.0 = Debug|Any CPU
		{659E8EF0-ECBE-4495-9381-6A3B95B61306}.Debug|x86.ActiveCfg = Debug|Any CPU
		{659E8EF0-ECBE-4495-9381-6A3B95B61306}.Debug|x86.Build.0 = Debug|Any CPU
		{659E8EF0-ECBE-4495-9381-6A3B95B61306}.Release|Any CPU.ActiveCfg = Release|Any CPU
		{659E8EF0-ECBE-4495-9381-6A3B95B61306}.Release|Any CPU.Build.0 = Release|Any CPU
		{659E8EF0-ECBE-4495-9381-6A3B95B61306}.Release|x64.ActiveCfg = Release|Any CPU
		{659E8EF0-ECBE-4495-9381-6A3B95B61306}.Release|x64.Build.0 = Release|Any CPU
		{659E8EF0-ECBE-4495-9381-6A3B95B61306}.Release|x86.ActiveCfg = Release|Any CPU
		{659E8EF0-ECBE-4495-9381-6A3B95B61306}.Release|x86.Build.0 = Release|Any CPU
		{03585CDC-FD22-45B6-9451-3BBCCCED93EA}.Debug|Any CPU.ActiveCfg = Debug|Any CPU
		{03585CDC-FD22-45B6-9451-3BBCCCED93EA}.Debug|Any CPU.Build.0 = Debug|Any CPU
		{03585CDC-FD22-45B6-9451-3BBCCCED93EA}.Debug|x64.ActiveCfg = Debug|Any CPU
		{03585CDC-FD22-45B6-9451-3BBCCCED93EA}.Debug|x64.Build.0 = Debug|Any CPU
		{03585CDC-FD22-45B6-9451-3BBCCCED93EA}.Debug|x86.ActiveCfg = Debug|Any CPU
		{03585CDC-FD22-45B6-9451-3BBCCCED93EA}.Debug|x86.Build.0 = Debug|Any CPU
		{03585CDC-FD22-45B6-9451-3BBCCCED93EA}.Release|Any CPU.ActiveCfg = Release|Any CPU
		{03585CDC-FD22-45B6-9451-3BBCCCED93EA}.Release|Any CPU.Build.0 = Release|Any CPU
		{03585CDC-FD22-45B6-9451-3BBCCCED93EA}.Release|x64.ActiveCfg = Release|Any CPU
		{03585CDC-FD22-45B6-9451-3BBCCCED93EA}.Release|x64.Build.0 = Release|Any CPU
		{03585CDC-FD22-45B6-9451-3BBCCCED93EA}.Release|x86.ActiveCfg = Release|Any CPU
		{03585CDC-FD22-45B6-9451-3BBCCCED93EA}.Release|x86.Build.0 = Release|Any CPU
		{01E99D7A-F71C-4032-A769-B9AC04072267}.Debug|Any CPU.ActiveCfg = Debug|Any CPU
		{01E99D7A-F71C-4032-A769-B9AC04072267}.Debug|Any CPU.Build.0 = Debug|Any CPU
		{01E99D7A-F71C-4032-A769-B9AC04072267}.Debug|x64.ActiveCfg = Debug|Any CPU
		{01E99D7A-F71C-4032-A769-B9AC04072267}.Debug|x64.Build.0 = Debug|Any CPU
		{01E99D7A-F71C-4032-A769-B9AC04072267}.Debug|x86.ActiveCfg = Debug|Any CPU
		{01E99D7A-F71C-4032-A769-B9AC04072267}.Debug|x86.Build.0 = Debug|Any CPU
		{01E99D7A-F71C-4032-A769-B9AC04072267}.Release|Any CPU.ActiveCfg = Release|Any CPU
		{01E99D7A-F71C-4032-A769-B9AC04072267}.Release|Any CPU.Build.0 = Release|Any CPU
		{01E99D7A-F71C-4032-A769-B9AC04072267}.Release|x64.ActiveCfg = Release|Any CPU
		{01E99D7A-F71C-4032-A769-B9AC04072267}.Release|x64.Build.0 = Release|Any CPU
		{01E99D7A-F71C-4032-A769-B9AC04072267}.Release|x86.ActiveCfg = Release|Any CPU
		{01E99D7A-F71C-4032-A769-B9AC04072267}.Release|x86.Build.0 = Release|Any CPU
		{E690FCEE-4C18-4BBB-963B-09C6D6A9D73A}.Debug|Any CPU.ActiveCfg = Debug|Any CPU
		{E690FCEE-4C18-4BBB-963B-09C6D6A9D73A}.Debug|Any CPU.Build.0 = Debug|Any CPU
		{E690FCEE-4C18-4BBB-963B-09C6D6A9D73A}.Debug|x64.ActiveCfg = Debug|Any CPU
		{E690FCEE-4C18-4BBB-963B-09C6D6A9D73A}.Debug|x64.Build.0 = Debug|Any CPU
		{E690FCEE-4C18-4BBB-963B-09C6D6A9D73A}.Debug|x86.ActiveCfg = Debug|Any CPU
		{E690FCEE-4C18-4BBB-963B-09C6D6A9D73A}.Debug|x86.Build.0 = Debug|Any CPU
		{E690FCEE-4C18-4BBB-963B-09C6D6A9D73A}.Release|Any CPU.ActiveCfg = Release|Any CPU
		{E690FCEE-4C18-4BBB-963B-09C6D6A9D73A}.Release|Any CPU.Build.0 = Release|Any CPU
		{E690FCEE-4C18-4BBB-963B-09C6D6A9D73A}.Release|x64.ActiveCfg = Release|Any CPU
		{E690FCEE-4C18-4BBB-963B-09C6D6A9D73A}.Release|x64.Build.0 = Release|Any CPU
		{E690FCEE-4C18-4BBB-963B-09C6D6A9D73A}.Release|x86.ActiveCfg = Release|Any CPU
		{E690FCEE-4C18-4BBB-963B-09C6D6A9D73A}.Release|x86.Build.0 = Release|Any CPU
		{0F8D0C38-2CBF-4D02-9426-EEA3AA70D50B}.Debug|Any CPU.ActiveCfg = Debug|Any CPU
		{0F8D0C38-2CBF-4D02-9426-EEA3AA70D50B}.Debug|Any CPU.Build.0 = Debug|Any CPU
		{0F8D0C38-2CBF-4D02-9426-EEA3AA70D50B}.Debug|x64.ActiveCfg = Debug|Any CPU
		{0F8D0C38-2CBF-4D02-9426-EEA3AA70D50B}.Debug|x64.Build.0 = Debug|Any CPU
		{0F8D0C38-2CBF-4D02-9426-EEA3AA70D50B}.Debug|x86.ActiveCfg = Debug|Any CPU
		{0F8D0C38-2CBF-4D02-9426-EEA3AA70D50B}.Debug|x86.Build.0 = Debug|Any CPU
		{0F8D0C38-2CBF-4D02-9426-EEA3AA70D50B}.Release|Any CPU.ActiveCfg = Release|Any CPU
		{0F8D0C38-2CBF-4D02-9426-EEA3AA70D50B}.Release|Any CPU.Build.0 = Release|Any CPU
		{0F8D0C38-2CBF-4D02-9426-EEA3AA70D50B}.Release|x64.ActiveCfg = Release|Any CPU
		{0F8D0C38-2CBF-4D02-9426-EEA3AA70D50B}.Release|x64.Build.0 = Release|Any CPU
		{0F8D0C38-2CBF-4D02-9426-EEA3AA70D50B}.Release|x86.ActiveCfg = Release|Any CPU
		{0F8D0C38-2CBF-4D02-9426-EEA3AA70D50B}.Release|x86.Build.0 = Release|Any CPU
		{825C1258-3FF7-4F35-BEFB-0706BF3CDCF8}.Debug|Any CPU.ActiveCfg = Debug|Any CPU
		{825C1258-3FF7-4F35-BEFB-0706BF3CDCF8}.Debug|Any CPU.Build.0 = Debug|Any CPU
		{825C1258-3FF7-4F35-BEFB-0706BF3CDCF8}.Debug|x64.ActiveCfg = Debug|Any CPU
		{825C1258-3FF7-4F35-BEFB-0706BF3CDCF8}.Debug|x64.Build.0 = Debug|Any CPU
		{825C1258-3FF7-4F35-BEFB-0706BF3CDCF8}.Debug|x86.ActiveCfg = Debug|Any CPU
		{825C1258-3FF7-4F35-BEFB-0706BF3CDCF8}.Debug|x86.Build.0 = Debug|Any CPU
		{825C1258-3FF7-4F35-BEFB-0706BF3CDCF8}.Release|Any CPU.ActiveCfg = Release|Any CPU
		{825C1258-3FF7-4F35-BEFB-0706BF3CDCF8}.Release|Any CPU.Build.0 = Release|Any CPU
		{825C1258-3FF7-4F35-BEFB-0706BF3CDCF8}.Release|x64.ActiveCfg = Release|Any CPU
		{825C1258-3FF7-4F35-BEFB-0706BF3CDCF8}.Release|x64.Build.0 = Release|Any CPU
		{825C1258-3FF7-4F35-BEFB-0706BF3CDCF8}.Release|x86.ActiveCfg = Release|Any CPU
		{825C1258-3FF7-4F35-BEFB-0706BF3CDCF8}.Release|x86.Build.0 = Release|Any CPU
		{3F0F1277-3DD1-4E1C-94CD-CB759363284C}.Debug|Any CPU.ActiveCfg = Debug|Any CPU
		{3F0F1277-3DD1-4E1C-94CD-CB759363284C}.Debug|Any CPU.Build.0 = Debug|Any CPU
		{3F0F1277-3DD1-4E1C-94CD-CB759363284C}.Debug|x64.ActiveCfg = Debug|Any CPU
		{3F0F1277-3DD1-4E1C-94CD-CB759363284C}.Debug|x64.Build.0 = Debug|Any CPU
		{3F0F1277-3DD1-4E1C-94CD-CB759363284C}.Debug|x86.ActiveCfg = Debug|Any CPU
		{3F0F1277-3DD1-4E1C-94CD-CB759363284C}.Debug|x86.Build.0 = Debug|Any CPU
		{3F0F1277-3DD1-4E1C-94CD-CB759363284C}.Release|Any CPU.ActiveCfg = Release|Any CPU
		{3F0F1277-3DD1-4E1C-94CD-CB759363284C}.Release|Any CPU.Build.0 = Release|Any CPU
		{3F0F1277-3DD1-4E1C-94CD-CB759363284C}.Release|x64.ActiveCfg = Release|Any CPU
		{3F0F1277-3DD1-4E1C-94CD-CB759363284C}.Release|x64.Build.0 = Release|Any CPU
		{3F0F1277-3DD1-4E1C-94CD-CB759363284C}.Release|x86.ActiveCfg = Release|Any CPU
		{3F0F1277-3DD1-4E1C-94CD-CB759363284C}.Release|x86.Build.0 = Release|Any CPU
		{B3BD0A28-48D9-4F08-9C8E-45EA785359F4}.Debug|Any CPU.ActiveCfg = Debug|Any CPU
		{B3BD0A28-48D9-4F08-9C8E-45EA785359F4}.Debug|Any CPU.Build.0 = Debug|Any CPU
		{B3BD0A28-48D9-4F08-9C8E-45EA785359F4}.Debug|x64.ActiveCfg = Debug|Any CPU
		{B3BD0A28-48D9-4F08-9C8E-45EA785359F4}.Debug|x64.Build.0 = Debug|Any CPU
		{B3BD0A28-48D9-4F08-9C8E-45EA785359F4}.Debug|x86.ActiveCfg = Debug|Any CPU
		{B3BD0A28-48D9-4F08-9C8E-45EA785359F4}.Debug|x86.Build.0 = Debug|Any CPU
		{B3BD0A28-48D9-4F08-9C8E-45EA785359F4}.Release|Any CPU.ActiveCfg = Release|Any CPU
		{B3BD0A28-48D9-4F08-9C8E-45EA785359F4}.Release|Any CPU.Build.0 = Release|Any CPU
		{B3BD0A28-48D9-4F08-9C8E-45EA785359F4}.Release|x64.ActiveCfg = Release|Any CPU
		{B3BD0A28-48D9-4F08-9C8E-45EA785359F4}.Release|x64.Build.0 = Release|Any CPU
		{B3BD0A28-48D9-4F08-9C8E-45EA785359F4}.Release|x86.ActiveCfg = Release|Any CPU
		{B3BD0A28-48D9-4F08-9C8E-45EA785359F4}.Release|x86.Build.0 = Release|Any CPU
		{555F666B-335D-46A4-8AD2-1DA9F97993D5}.Debug|Any CPU.ActiveCfg = Debug|Any CPU
		{555F666B-335D-46A4-8AD2-1DA9F97993D5}.Debug|Any CPU.Build.0 = Debug|Any CPU
		{555F666B-335D-46A4-8AD2-1DA9F97993D5}.Debug|x64.ActiveCfg = Debug|Any CPU
		{555F666B-335D-46A4-8AD2-1DA9F97993D5}.Debug|x64.Build.0 = Debug|Any CPU
		{555F666B-335D-46A4-8AD2-1DA9F97993D5}.Debug|x86.ActiveCfg = Debug|Any CPU
		{555F666B-335D-46A4-8AD2-1DA9F97993D5}.Debug|x86.Build.0 = Debug|Any CPU
		{555F666B-335D-46A4-8AD2-1DA9F97993D5}.Release|Any CPU.ActiveCfg = Release|Any CPU
		{555F666B-335D-46A4-8AD2-1DA9F97993D5}.Release|Any CPU.Build.0 = Release|Any CPU
		{555F666B-335D-46A4-8AD2-1DA9F97993D5}.Release|x64.ActiveCfg = Release|Any CPU
		{555F666B-335D-46A4-8AD2-1DA9F97993D5}.Release|x64.Build.0 = Release|Any CPU
		{555F666B-335D-46A4-8AD2-1DA9F97993D5}.Release|x86.ActiveCfg = Release|Any CPU
		{555F666B-335D-46A4-8AD2-1DA9F97993D5}.Release|x86.Build.0 = Release|Any CPU
		{C4AA0D4A-01B7-4854-9F16-7231671091D7}.Debug|Any CPU.ActiveCfg = Debug|Any CPU
		{C4AA0D4A-01B7-4854-9F16-7231671091D7}.Debug|Any CPU.Build.0 = Debug|Any CPU
		{C4AA0D4A-01B7-4854-9F16-7231671091D7}.Debug|x64.ActiveCfg = Debug|Any CPU
		{C4AA0D4A-01B7-4854-9F16-7231671091D7}.Debug|x64.Build.0 = Debug|Any CPU
		{C4AA0D4A-01B7-4854-9F16-7231671091D7}.Debug|x86.ActiveCfg = Debug|Any CPU
		{C4AA0D4A-01B7-4854-9F16-7231671091D7}.Debug|x86.Build.0 = Debug|Any CPU
		{C4AA0D4A-01B7-4854-9F16-7231671091D7}.Release|Any CPU.ActiveCfg = Release|Any CPU
		{C4AA0D4A-01B7-4854-9F16-7231671091D7}.Release|Any CPU.Build.0 = Release|Any CPU
		{C4AA0D4A-01B7-4854-9F16-7231671091D7}.Release|x64.ActiveCfg = Release|Any CPU
		{C4AA0D4A-01B7-4854-9F16-7231671091D7}.Release|x64.Build.0 = Release|Any CPU
		{C4AA0D4A-01B7-4854-9F16-7231671091D7}.Release|x86.ActiveCfg = Release|Any CPU
		{C4AA0D4A-01B7-4854-9F16-7231671091D7}.Release|x86.Build.0 = Release|Any CPU
		{E9A2E9B0-5887-4144-99CA-DAD9D3A06345}.Debug|Any CPU.ActiveCfg = Debug|Any CPU
		{E9A2E9B0-5887-4144-99CA-DAD9D3A06345}.Debug|Any CPU.Build.0 = Debug|Any CPU
		{E9A2E9B0-5887-4144-99CA-DAD9D3A06345}.Debug|x64.ActiveCfg = Debug|Any CPU
		{E9A2E9B0-5887-4144-99CA-DAD9D3A06345}.Debug|x64.Build.0 = Debug|Any CPU
		{E9A2E9B0-5887-4144-99CA-DAD9D3A06345}.Debug|x86.ActiveCfg = Debug|Any CPU
		{E9A2E9B0-5887-4144-99CA-DAD9D3A06345}.Debug|x86.Build.0 = Debug|Any CPU
		{E9A2E9B0-5887-4144-99CA-DAD9D3A06345}.Release|Any CPU.ActiveCfg = Release|Any CPU
		{E9A2E9B0-5887-4144-99CA-DAD9D3A06345}.Release|Any CPU.Build.0 = Release|Any CPU
		{E9A2E9B0-5887-4144-99CA-DAD9D3A06345}.Release|x64.ActiveCfg = Release|Any CPU
		{E9A2E9B0-5887-4144-99CA-DAD9D3A06345}.Release|x64.Build.0 = Release|Any CPU
		{E9A2E9B0-5887-4144-99CA-DAD9D3A06345}.Release|x86.ActiveCfg = Release|Any CPU
		{E9A2E9B0-5887-4144-99CA-DAD9D3A06345}.Release|x86.Build.0 = Release|Any CPU
		{DD04DE2D-8375-43CD-9106-EFA49F637E46}.Debug|Any CPU.ActiveCfg = Debug|Any CPU
		{DD04DE2D-8375-43CD-9106-EFA49F637E46}.Debug|Any CPU.Build.0 = Debug|Any CPU
		{DD04DE2D-8375-43CD-9106-EFA49F637E46}.Debug|x64.ActiveCfg = Debug|Any CPU
		{DD04DE2D-8375-43CD-9106-EFA49F637E46}.Debug|x64.Build.0 = Debug|Any CPU
		{DD04DE2D-8375-43CD-9106-EFA49F637E46}.Debug|x86.ActiveCfg = Debug|Any CPU
		{DD04DE2D-8375-43CD-9106-EFA49F637E46}.Debug|x86.Build.0 = Debug|Any CPU
		{DD04DE2D-8375-43CD-9106-EFA49F637E46}.Release|Any CPU.ActiveCfg = Release|Any CPU
		{DD04DE2D-8375-43CD-9106-EFA49F637E46}.Release|Any CPU.Build.0 = Release|Any CPU
		{DD04DE2D-8375-43CD-9106-EFA49F637E46}.Release|x64.ActiveCfg = Release|Any CPU
		{DD04DE2D-8375-43CD-9106-EFA49F637E46}.Release|x64.Build.0 = Release|Any CPU
		{DD04DE2D-8375-43CD-9106-EFA49F637E46}.Release|x86.ActiveCfg = Release|Any CPU
		{DD04DE2D-8375-43CD-9106-EFA49F637E46}.Release|x86.Build.0 = Release|Any CPU
		{EADE0206-CC47-4AFE-8767-49742879EB41}.Debug|Any CPU.ActiveCfg = Debug|Any CPU
		{EADE0206-CC47-4AFE-8767-49742879EB41}.Debug|Any CPU.Build.0 = Debug|Any CPU
		{EADE0206-CC47-4AFE-8767-49742879EB41}.Debug|x64.ActiveCfg = Debug|Any CPU
		{EADE0206-CC47-4AFE-8767-49742879EB41}.Debug|x64.Build.0 = Debug|Any CPU
		{EADE0206-CC47-4AFE-8767-49742879EB41}.Debug|x86.ActiveCfg = Debug|Any CPU
		{EADE0206-CC47-4AFE-8767-49742879EB41}.Debug|x86.Build.0 = Debug|Any CPU
		{EADE0206-CC47-4AFE-8767-49742879EB41}.Release|Any CPU.ActiveCfg = Release|Any CPU
		{EADE0206-CC47-4AFE-8767-49742879EB41}.Release|Any CPU.Build.0 = Release|Any CPU
		{EADE0206-CC47-4AFE-8767-49742879EB41}.Release|x64.ActiveCfg = Release|Any CPU
		{EADE0206-CC47-4AFE-8767-49742879EB41}.Release|x64.Build.0 = Release|Any CPU
		{EADE0206-CC47-4AFE-8767-49742879EB41}.Release|x86.ActiveCfg = Release|Any CPU
		{EADE0206-CC47-4AFE-8767-49742879EB41}.Release|x86.Build.0 = Release|Any CPU
		{AD487483-F58C-4D0F-8652-0A925442458D}.Debug|Any CPU.ActiveCfg = Debug|Any CPU
		{AD487483-F58C-4D0F-8652-0A925442458D}.Debug|Any CPU.Build.0 = Debug|Any CPU
		{AD487483-F58C-4D0F-8652-0A925442458D}.Debug|x64.ActiveCfg = Debug|Any CPU
		{AD487483-F58C-4D0F-8652-0A925442458D}.Debug|x64.Build.0 = Debug|Any CPU
		{AD487483-F58C-4D0F-8652-0A925442458D}.Debug|x86.ActiveCfg = Debug|Any CPU
		{AD487483-F58C-4D0F-8652-0A925442458D}.Debug|x86.Build.0 = Debug|Any CPU
		{AD487483-F58C-4D0F-8652-0A925442458D}.Release|Any CPU.ActiveCfg = Release|Any CPU
		{AD487483-F58C-4D0F-8652-0A925442458D}.Release|Any CPU.Build.0 = Release|Any CPU
		{AD487483-F58C-4D0F-8652-0A925442458D}.Release|x64.ActiveCfg = Release|Any CPU
		{AD487483-F58C-4D0F-8652-0A925442458D}.Release|x64.Build.0 = Release|Any CPU
		{AD487483-F58C-4D0F-8652-0A925442458D}.Release|x86.ActiveCfg = Release|Any CPU
		{AD487483-F58C-4D0F-8652-0A925442458D}.Release|x86.Build.0 = Release|Any CPU
		{FEF56294-8DC3-4FC1-9340-C4CFDB17CF36}.Debug|Any CPU.ActiveCfg = Debug|Any CPU
		{FEF56294-8DC3-4FC1-9340-C4CFDB17CF36}.Debug|Any CPU.Build.0 = Debug|Any CPU
		{FEF56294-8DC3-4FC1-9340-C4CFDB17CF36}.Debug|x64.ActiveCfg = Debug|Any CPU
		{FEF56294-8DC3-4FC1-9340-C4CFDB17CF36}.Debug|x64.Build.0 = Debug|Any CPU
		{FEF56294-8DC3-4FC1-9340-C4CFDB17CF36}.Debug|x86.ActiveCfg = Debug|Any CPU
		{FEF56294-8DC3-4FC1-9340-C4CFDB17CF36}.Debug|x86.Build.0 = Debug|Any CPU
		{FEF56294-8DC3-4FC1-9340-C4CFDB17CF36}.Release|Any CPU.ActiveCfg = Release|Any CPU
		{FEF56294-8DC3-4FC1-9340-C4CFDB17CF36}.Release|Any CPU.Build.0 = Release|Any CPU
		{FEF56294-8DC3-4FC1-9340-C4CFDB17CF36}.Release|x64.ActiveCfg = Release|Any CPU
		{FEF56294-8DC3-4FC1-9340-C4CFDB17CF36}.Release|x64.Build.0 = Release|Any CPU
		{FEF56294-8DC3-4FC1-9340-C4CFDB17CF36}.Release|x86.ActiveCfg = Release|Any CPU
		{FEF56294-8DC3-4FC1-9340-C4CFDB17CF36}.Release|x86.Build.0 = Release|Any CPU
		{AE10BFA4-5C7F-43A2-951A-95B637B538E3}.Debug|Any CPU.ActiveCfg = Debug|Any CPU
		{AE10BFA4-5C7F-43A2-951A-95B637B538E3}.Debug|Any CPU.Build.0 = Debug|Any CPU
		{AE10BFA4-5C7F-43A2-951A-95B637B538E3}.Debug|x64.ActiveCfg = Debug|Any CPU
		{AE10BFA4-5C7F-43A2-951A-95B637B538E3}.Debug|x64.Build.0 = Debug|Any CPU
		{AE10BFA4-5C7F-43A2-951A-95B637B538E3}.Debug|x86.ActiveCfg = Debug|Any CPU
		{AE10BFA4-5C7F-43A2-951A-95B637B538E3}.Debug|x86.Build.0 = Debug|Any CPU
		{AE10BFA4-5C7F-43A2-951A-95B637B538E3}.Release|Any CPU.ActiveCfg = Release|Any CPU
		{AE10BFA4-5C7F-43A2-951A-95B637B538E3}.Release|Any CPU.Build.0 = Release|Any CPU
		{AE10BFA4-5C7F-43A2-951A-95B637B538E3}.Release|x64.ActiveCfg = Release|Any CPU
		{AE10BFA4-5C7F-43A2-951A-95B637B538E3}.Release|x64.Build.0 = Release|Any CPU
		{AE10BFA4-5C7F-43A2-951A-95B637B538E3}.Release|x86.ActiveCfg = Release|Any CPU
		{AE10BFA4-5C7F-43A2-951A-95B637B538E3}.Release|x86.Build.0 = Release|Any CPU
		{78B5D546-DCF5-4A0E-BEE6-DBC371C71A4D}.Debug|Any CPU.ActiveCfg = Debug|Any CPU
		{78B5D546-DCF5-4A0E-BEE6-DBC371C71A4D}.Debug|Any CPU.Build.0 = Debug|Any CPU
		{78B5D546-DCF5-4A0E-BEE6-DBC371C71A4D}.Debug|x64.ActiveCfg = Debug|Any CPU
		{78B5D546-DCF5-4A0E-BEE6-DBC371C71A4D}.Debug|x64.Build.0 = Debug|Any CPU
		{78B5D546-DCF5-4A0E-BEE6-DBC371C71A4D}.Debug|x86.ActiveCfg = Debug|Any CPU
		{78B5D546-DCF5-4A0E-BEE6-DBC371C71A4D}.Debug|x86.Build.0 = Debug|Any CPU
		{78B5D546-DCF5-4A0E-BEE6-DBC371C71A4D}.Release|Any CPU.ActiveCfg = Release|Any CPU
		{78B5D546-DCF5-4A0E-BEE6-DBC371C71A4D}.Release|Any CPU.Build.0 = Release|Any CPU
		{78B5D546-DCF5-4A0E-BEE6-DBC371C71A4D}.Release|x64.ActiveCfg = Release|Any CPU
		{78B5D546-DCF5-4A0E-BEE6-DBC371C71A4D}.Release|x64.Build.0 = Release|Any CPU
		{78B5D546-DCF5-4A0E-BEE6-DBC371C71A4D}.Release|x86.ActiveCfg = Release|Any CPU
		{78B5D546-DCF5-4A0E-BEE6-DBC371C71A4D}.Release|x86.Build.0 = Release|Any CPU
		{A5C232A1-8D11-44E0-AF7E-0FA1B2592611}.Debug|Any CPU.ActiveCfg = Debug|Any CPU
		{A5C232A1-8D11-44E0-AF7E-0FA1B2592611}.Debug|Any CPU.Build.0 = Debug|Any CPU
		{A5C232A1-8D11-44E0-AF7E-0FA1B2592611}.Debug|x64.ActiveCfg = Debug|Any CPU
		{A5C232A1-8D11-44E0-AF7E-0FA1B2592611}.Debug|x64.Build.0 = Debug|Any CPU
		{A5C232A1-8D11-44E0-AF7E-0FA1B2592611}.Debug|x86.ActiveCfg = Debug|Any CPU
		{A5C232A1-8D11-44E0-AF7E-0FA1B2592611}.Debug|x86.Build.0 = Debug|Any CPU
		{A5C232A1-8D11-44E0-AF7E-0FA1B2592611}.Release|Any CPU.ActiveCfg = Release|Any CPU
		{A5C232A1-8D11-44E0-AF7E-0FA1B2592611}.Release|Any CPU.Build.0 = Release|Any CPU
		{A5C232A1-8D11-44E0-AF7E-0FA1B2592611}.Release|x64.ActiveCfg = Release|Any CPU
		{A5C232A1-8D11-44E0-AF7E-0FA1B2592611}.Release|x64.Build.0 = Release|Any CPU
		{A5C232A1-8D11-44E0-AF7E-0FA1B2592611}.Release|x86.ActiveCfg = Release|Any CPU
		{A5C232A1-8D11-44E0-AF7E-0FA1B2592611}.Release|x86.Build.0 = Release|Any CPU
		{770D45B2-4796-4A42-9DE2-F81DF7CD8A58}.Debug|Any CPU.ActiveCfg = Debug|Any CPU
		{770D45B2-4796-4A42-9DE2-F81DF7CD8A58}.Debug|Any CPU.Build.0 = Debug|Any CPU
		{770D45B2-4796-4A42-9DE2-F81DF7CD8A58}.Debug|x64.ActiveCfg = Debug|Any CPU
		{770D45B2-4796-4A42-9DE2-F81DF7CD8A58}.Debug|x64.Build.0 = Debug|Any CPU
		{770D45B2-4796-4A42-9DE2-F81DF7CD8A58}.Debug|x86.ActiveCfg = Debug|Any CPU
		{770D45B2-4796-4A42-9DE2-F81DF7CD8A58}.Debug|x86.Build.0 = Debug|Any CPU
		{770D45B2-4796-4A42-9DE2-F81DF7CD8A58}.Release|Any CPU.ActiveCfg = Release|Any CPU
		{770D45B2-4796-4A42-9DE2-F81DF7CD8A58}.Release|Any CPU.Build.0 = Release|Any CPU
		{770D45B2-4796-4A42-9DE2-F81DF7CD8A58}.Release|x64.ActiveCfg = Release|Any CPU
		{770D45B2-4796-4A42-9DE2-F81DF7CD8A58}.Release|x64.Build.0 = Release|Any CPU
		{770D45B2-4796-4A42-9DE2-F81DF7CD8A58}.Release|x86.ActiveCfg = Release|Any CPU
		{770D45B2-4796-4A42-9DE2-F81DF7CD8A58}.Release|x86.Build.0 = Release|Any CPU
		{F7577522-DA63-4C4C-99DF-04BCEC8F63F0}.Debug|Any CPU.ActiveCfg = Debug|Any CPU
		{F7577522-DA63-4C4C-99DF-04BCEC8F63F0}.Debug|Any CPU.Build.0 = Debug|Any CPU
		{F7577522-DA63-4C4C-99DF-04BCEC8F63F0}.Debug|x64.ActiveCfg = Debug|Any CPU
		{F7577522-DA63-4C4C-99DF-04BCEC8F63F0}.Debug|x64.Build.0 = Debug|Any CPU
		{F7577522-DA63-4C4C-99DF-04BCEC8F63F0}.Debug|x86.ActiveCfg = Debug|Any CPU
		{F7577522-DA63-4C4C-99DF-04BCEC8F63F0}.Debug|x86.Build.0 = Debug|Any CPU
		{F7577522-DA63-4C4C-99DF-04BCEC8F63F0}.Release|Any CPU.ActiveCfg = Release|Any CPU
		{F7577522-DA63-4C4C-99DF-04BCEC8F63F0}.Release|Any CPU.Build.0 = Release|Any CPU
		{F7577522-DA63-4C4C-99DF-04BCEC8F63F0}.Release|x64.ActiveCfg = Release|Any CPU
		{F7577522-DA63-4C4C-99DF-04BCEC8F63F0}.Release|x64.Build.0 = Release|Any CPU
		{F7577522-DA63-4C4C-99DF-04BCEC8F63F0}.Release|x86.ActiveCfg = Release|Any CPU
		{F7577522-DA63-4C4C-99DF-04BCEC8F63F0}.Release|x86.Build.0 = Release|Any CPU
		{6B602C97-54AF-4D76-ACFF-A45910769877}.Debug|Any CPU.ActiveCfg = Debug|Any CPU
		{6B602C97-54AF-4D76-ACFF-A45910769877}.Debug|Any CPU.Build.0 = Debug|Any CPU
		{6B602C97-54AF-4D76-ACFF-A45910769877}.Debug|x64.ActiveCfg = Debug|Any CPU
		{6B602C97-54AF-4D76-ACFF-A45910769877}.Debug|x64.Build.0 = Debug|Any CPU
		{6B602C97-54AF-4D76-ACFF-A45910769877}.Debug|x86.ActiveCfg = Debug|Any CPU
		{6B602C97-54AF-4D76-ACFF-A45910769877}.Debug|x86.Build.0 = Debug|Any CPU
		{6B602C97-54AF-4D76-ACFF-A45910769877}.Release|Any CPU.ActiveCfg = Release|Any CPU
		{6B602C97-54AF-4D76-ACFF-A45910769877}.Release|Any CPU.Build.0 = Release|Any CPU
		{6B602C97-54AF-4D76-ACFF-A45910769877}.Release|x64.ActiveCfg = Release|Any CPU
		{6B602C97-54AF-4D76-ACFF-A45910769877}.Release|x64.Build.0 = Release|Any CPU
		{6B602C97-54AF-4D76-ACFF-A45910769877}.Release|x86.ActiveCfg = Release|Any CPU
		{6B602C97-54AF-4D76-ACFF-A45910769877}.Release|x86.Build.0 = Release|Any CPU
	EndGlobalSection
	GlobalSection(SolutionProperties) = preSolution
		HideSolutionNode = FALSE
	EndGlobalSection
	GlobalSection(NestedProjects) = preSolution
		{110E3C1B-D0AC-4867-A6FC-A2459A744765} = {4F52FD11-658E-A102-6CD3-7D7C16FFA15B}
		{5A33A1DA-3FE5-4E39-BCB7-C242261F61CD} = {4F52FD11-658E-A102-6CD3-7D7C16FFA15B}
		{F466EEAD-522A-4EBB-BFDC-BCA8C557E181} = {4F52FD11-658E-A102-6CD3-7D7C16FFA15B}
		{BB9B0570-D764-F740-A1C1-3444BA1D5022} = {5854FF58-B8C5-05C6-5BF2-ACE42193F22B}
		{AC8D649E-A385-4F44-80D4-E7A5FDAE32DE} = {BB9B0570-D764-F740-A1C1-3444BA1D5022}
		{4EA0B2B0-10EB-4633-9421-C75BEC9CFF9D} = {BB9B0570-D764-F740-A1C1-3444BA1D5022}
		{75FE522A-8898-473A-8014-64E8A8E0B3DF} = {BB9B0570-D764-F740-A1C1-3444BA1D5022}
		{C170B4F1-E380-4CF4-9E81-4291ABEA1940} = {BB9B0570-D764-F740-A1C1-3444BA1D5022}
		{4EB8AB63-7818-3B30-5478-82A5209723CA} = {5854FF58-B8C5-05C6-5BF2-ACE42193F22B}
		{A2B13473-E41C-4B88-86DD-403B9DA3A11E} = {4EB8AB63-7818-3B30-5478-82A5209723CA}
		{7D676079-AA67-448D-8726-2D73D8AE7B02} = {4EB8AB63-7818-3B30-5478-82A5209723CA}
		{90003D7B-CBF8-4132-B875-4B0048EA6466} = {4EB8AB63-7818-3B30-5478-82A5209723CA}
		{032293C9-2230-4EC7-A7EF-C2481A1E8A96} = {4EB8AB63-7818-3B30-5478-82A5209723CA}
		{1D05A630-FA8E-4185-4BED-FE383CDC6ED6} = {5854FF58-B8C5-05C6-5BF2-ACE42193F22B}
		{B059FC9A-AC49-4263-B989-15FE121FE4D5} = {1D05A630-FA8E-4185-4BED-FE383CDC6ED6}
		{08683444-F383-4DF5-A762-9E26ACBFA41C} = {1D05A630-FA8E-4185-4BED-FE383CDC6ED6}
		{945D09E7-D3CF-4342-B127-B40C21883B62} = {1D05A630-FA8E-4185-4BED-FE383CDC6ED6}
		{FB874D21-B7B7-4FD8-947A-BF315A961DB2} = {1D05A630-FA8E-4185-4BED-FE383CDC6ED6}
		{05772A79-6677-48D6-4812-5BDCDF485F71} = {5854FF58-B8C5-05C6-5BF2-ACE42193F22B}
		{874466AE-FFF4-45C3-8F23-ED6F918A667D} = {05772A79-6677-48D6-4812-5BDCDF485F71}
		{659E8EF0-ECBE-4495-9381-6A3B95B61306} = {05772A79-6677-48D6-4812-5BDCDF485F71}
		{03585CDC-FD22-45B6-9451-3BBCCCED93EA} = {05772A79-6677-48D6-4812-5BDCDF485F71}
		{01E99D7A-F71C-4032-A769-B9AC04072267} = {05772A79-6677-48D6-4812-5BDCDF485F71}
		{C37F6A99-4F64-C411-A3CA-5C94B414AB7E} = {5854FF58-B8C5-05C6-5BF2-ACE42193F22B}
		{E690FCEE-4C18-4BBB-963B-09C6D6A9D73A} = {C37F6A99-4F64-C411-A3CA-5C94B414AB7E}
		{0F8D0C38-2CBF-4D02-9426-EEA3AA70D50B} = {C37F6A99-4F64-C411-A3CA-5C94B414AB7E}
		{825C1258-3FF7-4F35-BEFB-0706BF3CDCF8} = {C37F6A99-4F64-C411-A3CA-5C94B414AB7E}
		{3F0F1277-3DD1-4E1C-94CD-CB759363284C} = {C37F6A99-4F64-C411-A3CA-5C94B414AB7E}
		{74E836B4-46B0-66C7-E002-0B58C90F8616} = {5854FF58-B8C5-05C6-5BF2-ACE42193F22B}
		{B3BD0A28-48D9-4F08-9C8E-45EA785359F4} = {74E836B4-46B0-66C7-E002-0B58C90F8616}
		{555F666B-335D-46A4-8AD2-1DA9F97993D5} = {74E836B4-46B0-66C7-E002-0B58C90F8616}
		{C4AA0D4A-01B7-4854-9F16-7231671091D7} = {74E836B4-46B0-66C7-E002-0B58C90F8616}
		{E9A2E9B0-5887-4144-99CA-DAD9D3A06345} = {74E836B4-46B0-66C7-E002-0B58C90F8616}
		{DD04DE2D-8375-43CD-9106-EFA49F637E46} = {E7BDDBC6-9FD1-D1D7-ACD8-2C4F8E3D2461}
		{EADE0206-CC47-4AFE-8767-49742879EB41} = {4F52FD11-658E-A102-6CD3-7D7C16FFA15B}
		{AD487483-F58C-4D0F-8652-0A925442458D} = {05772A79-6677-48D6-4812-5BDCDF485F71}
		{FEF56294-8DC3-4FC1-9340-C4CFDB17CF36} = {1D05A630-FA8E-4185-4BED-FE383CDC6ED6}
		{AE10BFA4-5C7F-43A2-951A-95B637B538E3} = {0AB3BF05-4346-4AA6-1389-037BE0695223}
		{78B5D546-DCF5-4A0E-BEE6-DBC371C71A4D} = {0AB3BF05-4346-4AA6-1389-037BE0695223}
		{A5C232A1-8D11-44E0-AF7E-0FA1B2592611} = {C37F6A99-4F64-C411-A3CA-5C94B414AB7E}
		{770D45B2-4796-4A42-9DE2-F81DF7CD8A58} = {4EB8AB63-7818-3B30-5478-82A5209723CA}
		{F7577522-DA63-4C4C-99DF-04BCEC8F63F0} = {74E836B4-46B0-66C7-E002-0B58C90F8616}
		{6B602C97-54AF-4D76-ACFF-A45910769877} = {BB9B0570-D764-F740-A1C1-3444BA1D5022}
	EndGlobalSection
EndGlobal
